<?xml version="1.0" encoding="utf-8"?>
<Project ToolsVersion="4.0" xmlns="http://schemas.microsoft.com/developer/msbuild/2003">
  <ItemGroup>
    <Filter Include="source">
      <UniqueIdentifier>{424d92be-bac8-46b4-bb77-6a8b1e73ebde}</UniqueIdentifier>
      <Extensions>cpp;c;cxx;def;odl;idl;hpj;bat;asm</Extensions>
    </Filter>
    <Filter Include="include">
      <UniqueIdentifier>{dafac89e-2211-476c-b0d9-d59b21fd0c57}</UniqueIdentifier>
      <Extensions>h;hpp;hxx;hm;inl;inc</Extensions>
    </Filter>
    <Filter Include="resource">
      <UniqueIdentifier>{e84b79fc-0d1d-4103-a3d6-c2d5f6d75e87}</UniqueIdentifier>
      <Extensions>rc;ico;cur;bmp;dlg;rc2;rct;bin;rgs;jpg;jpeg;jpe;png;manifest</Extensions>
    </Filter>
  </ItemGroup>
  <ItemGroup>
    <None Include="win32\res\FlyingCat.ico">
      <Filter>resource</Filter>
    </None>
    <None Include="Resources\new_ac_bar-hd.png">
      <Filter>resource</Filter>
    </None>
  </ItemGroup>
  <ItemGroup>
    <ResourceCompile Include="win32\FlyingCat.rc">
      <Filter>resource</Filter>
    </ResourceCompile>
  </ItemGroup>
  <ItemGroup>
    <ClInclude Include="win32\resource.h">
      <Filter>include</Filter>
    </ClInclude>
    <ClInclude Include="win32\main.h">
      <Filter>include</Filter>
    </ClInclude>
    <ClInclude Include="Classes\AppDelegate.h">
      <Filter>include</Filter>
    </ClInclude>
    <ClInclude Include="Classes\HelloWorldScene.h">
      <Filter>include</Filter>
    </ClInclude>
    <ClInclude Include="Classes\AchievementCore.h">
      <Filter>include</Filter>
    </ClInclude>
    <ClInclude Include="Classes\AchievementList.h">
      <Filter>include</Filter>
    </ClInclude>
    <ClInclude Include="Classes\PixelRatio.h">
      <Filter>include</Filter>
    </ClInclude>
    <ClInclude Include="Classes\BtnProtocal.h">
      <Filter>include</Filter>
    </ClInclude>
    <ClInclude Include="Classes\BaseWorld.h">
      <Filter>include</Filter>
    </ClInclude>
    <ClInclude Include="Classes\BaseCat.h">
      <Filter>include</Filter>
    </ClInclude>
    <ClInclude Include="Classes\MovingBackground.h">
      <Filter>include</Filter>
    </ClInclude>
    <ClInclude Include="Classes\Cat1.h">
      <Filter>include</Filter>
    </ClInclude>
    <ClInclude Include="Classes\DataCore.h">
      <Filter>include</Filter>
    </ClInclude>
    <ClInclude Include="Classes\MyUserDefault.h">
      <Filter>include</Filter>
    </ClInclude>
    <ClInclude Include="Classes\ScoreLayer.h">
      <Filter>include</Filter>
    </ClInclude>
    <ClInclude Include="Classes\RectWorld.h">
      <Filter>include</Filter>
    </ClInclude>
    <ClInclude Include="Classes\Pause.h">
      <Filter>include</Filter>
    </ClInclude>
    <ClInclude Include="Classes\TimeLayer.h">
      <Filter>include</Filter>
    </ClInclude>
    <ClInclude Include="Classes\Warning.h">
      <Filter>include</Filter>
    </ClInclude>
    <ClInclude Include="Classes\GameOver.h">
      <Filter>include</Filter>
    </ClInclude>
  </ItemGroup>
  <ItemGroup>
    <ClCompile Include="win32\main.cpp">
      <Filter>source</Filter>
    </ClCompile>
    <ClCompile Include="Classes\AppDelegate.cpp">
      <Filter>source</Filter>
    </ClCompile>
    <ClCompile Include="Classes\HelloWorldScene.cpp">
      <Filter>source</Filter>
    </ClCompile>
    <ClCompile Include="Classes\AchievementCore.cpp">
      <Filter>source</Filter>
    </ClCompile>
    <ClCompile Include="Classes\AchievementList.cpp">
      <Filter>source</Filter>
    </ClCompile>
    <ClCompile Include="Classes\BtnProtocal.cpp">
      <Filter>source</Filter>
    </ClCompile>
    <ClCompile Include="Classes\BaseWorld.cpp">
      <Filter>source</Filter>
    </ClCompile>
    <ClCompile Include="Classes\MovingBackground.cpp">
      <Filter>source</Filter>
    </ClCompile>
    <ClCompile Include="Classes\Cat1.cpp">
      <Filter>source</Filter>
    </ClCompile>
    <ClCompile Include="Classes\DataCore.cpp">
      <Filter>source</Filter>
    </ClCompile>
    <ClCompile Include="Classes\MyUserDefault.cpp">
      <Filter>source</Filter>
    </ClCompile>
    <ClCompile Include="Classes\ScoreLayer.cpp">
      <Filter>source</Filter>
    </ClCompile>
    <ClCompile Include="Classes\RectWorld.cpp">
      <Filter>source</Filter>
    </ClCompile>
    <ClCompile Include="Classes\Pause.cpp">
      <Filter>source</Filter>
    </ClCompile>
    <ClCompile Include="Classes\TimeLayer.cpp">
      <Filter>source</Filter>
    </ClCompile>
    <ClCompile Include="Classes\Warning.cpp">
      <Filter>source</Filter>
    </ClCompile>
    <ClCompile Include="Classes\GameOver.cpp">
      <Filter>source</Filter>
    </ClCompile>
  </ItemGroup>
</Project>